// !$*UTF8*$!
{
	archiveVersion = 1;
	classes = {
	};
	objectVersion = 50;
	objects = {

/* Begin PBXBuildFile section */
		B833544C23EC8F0B00835672 /* AppDelegate.swift in Sources */ = {isa = PBXBuildFile; fileRef = B833544B23EC8F0B00835672 /* AppDelegate.swift */; };
		B833544E23EC8F0B00835672 /* SceneDelegate.swift in Sources */ = {isa = PBXBuildFile; fileRef = B833544D23EC8F0B00835672 /* SceneDelegate.swift */; };
		B833545323EC8F0B00835672 /* Main.storyboard in Resources */ = {isa = PBXBuildFile; fileRef = B833545123EC8F0B00835672 /* Main.storyboard */; };
		B833545623EC8F0B00835672 /* podDatCat.xcdatamodeld in Sources */ = {isa = PBXBuildFile; fileRef = B833545423EC8F0B00835672 /* podDatCat.xcdatamodeld */; };
		B833545823EC8F1400835672 /* Assets.xcassets in Resources */ = {isa = PBXBuildFile; fileRef = B833545723EC8F1400835672 /* Assets.xcassets */; };
		B833545B23EC8F1400835672 /* LaunchScreen.storyboard in Resources */ = {isa = PBXBuildFile; fileRef = B833545923EC8F1400835672 /* LaunchScreen.storyboard */; };
		B88F996923F06801003ED805 /* ViewController.swift in Sources */ = {isa = PBXBuildFile; fileRef = B88F996823F06801003ED805 /* ViewController.swift */; };
		B88F996D23F09BB4003ED805 /* UISettingsButton.swift in Sources */ = {isa = PBXBuildFile; fileRef = B88F996C23F09BB4003ED805 /* UISettingsButton.swift */; };
		B88F997323F1CDA0003ED805 /* UIViruses.swift in Sources */ = {isa = PBXBuildFile; fileRef = B88F997223F1CD9F003ED805 /* UIViruses.swift */; };
		B88F997523F25CA1003ED805 /* UICSwitch.swift in Sources */ = {isa = PBXBuildFile; fileRef = B88F997423F25CA1003ED805 /* UICSwitch.swift */; };
		B88F997923F37FE2003ED805 /* UIVirus.swift in Sources */ = {isa = PBXBuildFile; fileRef = B88F997823F37FE2003ED805 /* UIVirus.swift */; };
		B88F998523F3950F003ED805 /* virus.png in Resources */ = {isa = PBXBuildFile; fileRef = B88F998423F3950F003ED805 /* virus.png */; };
		B88F999723F39B49003ED805 /* UICatButton.swift in Sources */ = {isa = PBXBuildFile; fileRef = B88F999623F39B49003ED805 /* UICatButton.swift */; };
		B8AE017123ECB180007A6142 /* UICenterKit.swift in Sources */ = {isa = PBXBuildFile; fileRef = B8AE017023ECB180007A6142 /* UICenterKit.swift */; };
		B8AE017323ECB25C007A6142 /* UICLabel.swift in Sources */ = {isa = PBXBuildFile; fileRef = B8AE017223ECB25C007A6142 /* UICLabel.swift */; };
		B8AE017523ECB758007A6142 /* UICView.swift in Sources */ = {isa = PBXBuildFile; fileRef = B8AE017423ECB758007A6142 /* UICView.swift */; };
		B8AE017B23ECCE3B007A6142 /* UIBoardGameView.swift in Sources */ = {isa = PBXBuildFile; fileRef = B8AE017A23ECCE3B007A6142 /* UIBoardGameView.swift */; };
		B8AE017D23ECD078007A6142 /* UIColorOptionsView.swift in Sources */ = {isa = PBXBuildFile; fileRef = B8AE017C23ECD077007A6142 /* UIColorOptionsView.swift */; };
		B8AE017F23ECD3B2007A6142 /* UICButton.swift in Sources */ = {isa = PBXBuildFile; fileRef = B8AE017E23ECD3B2007A6142 /* UICButton.swift */; };
		B8FBD67A23F50DB900C8B50D /* darkSmilingCat.png in Resources */ = {isa = PBXBuildFile; fileRef = B8FBD67423F50DB900C8B50D /* darkSmilingCat.png */; };
		B8FBD67B23F50DB900C8B50D /* darkDeadCat.png in Resources */ = {isa = PBXBuildFile; fileRef = B8FBD67523F50DB900C8B50D /* darkDeadCat.png */; };
		B8FBD67C23F50DB900C8B50D /* darkWavingCat.png in Resources */ = {isa = PBXBuildFile; fileRef = B8FBD67623F50DB900C8B50D /* darkWavingCat.png */; };
		B8FBD67D23F50DB900C8B50D /* lightWavingCat.png in Resources */ = {isa = PBXBuildFile; fileRef = B8FBD67723F50DB900C8B50D /* lightWavingCat.png */; };
		B8FBD67E23F50DB900C8B50D /* lightDeadCat.png in Resources */ = {isa = PBXBuildFile; fileRef = B8FBD67823F50DB900C8B50D /* lightDeadCat.png */; };
		B8FBD67F23F50DB900C8B50D /* lightSmilingCat.png in Resources */ = {isa = PBXBuildFile; fileRef = B8FBD67923F50DB900C8B50D /* lightSmilingCat.png */; };
		B8FBD68123F58F2500C8B50D /* darkGear.png in Resources */ = {isa = PBXBuildFile; fileRef = B8FBD68023F58F2500C8B50D /* darkGear.png */; };
		B8FBD68423F59D2D00C8B50D /* lightGear.png in Resources */ = {isa = PBXBuildFile; fileRef = B8FBD68323F59D2C00C8B50D /* lightGear.png */; };
		B8FBD68823F5BBC200C8B50D /* fishCoin.png in Resources */ = {isa = PBXBuildFile; fileRef = B8FBD68723F5BBC200C8B50D /* fishCoin.png */; };
		B8FBD68F23F5D5BE00C8B50D /* UIFishCoin.swift in Sources */ = {isa = PBXBuildFile; fileRef = B8FBD68E23F5D5BE00C8B50D /* UIFishCoin.swift */; };
		B8FBD69123F5D5C600C8B50D /* UIMoreCats.swift in Sources */ = {isa = PBXBuildFile; fileRef = B8FBD69023F5D5C600C8B50D /* UIMoreCats.swift */; };
		B8FBD69323F5D6C200C8B50D /* moreCats.png in Resources */ = {isa = PBXBuildFile; fileRef = B8FBD69223F5D6C200C8B50D /* moreCats.png */; };
		B8FBD69623F5DC0C00C8B50D /* UIMultiplayer.swift in Sources */ = {isa = PBXBuildFile; fileRef = B8FBD69523F5DC0C00C8B50D /* UIMultiplayer.swift */; };
		B8FBD69823F5DC8000C8B50D /* multiplayer.png in Resources */ = {isa = PBXBuildFile; fileRef = B8FBD69723F5DC8000C8B50D /* multiplayer.png */; };
		B8FBD69A23F5E1EA00C8B50D /* UIRestart.swift in Sources */ = {isa = PBXBuildFile; fileRef = B8FBD69923F5E1EA00C8B50D /* UIRestart.swift */; };
		B8FBD69C23F5E21800C8B50D /* UIRestart1.swift in Sources */ = {isa = PBXBuildFile; fileRef = B8FBD69B23F5E21800C8B50D /* UIRestart1.swift */; };
		B8FBD6A323F5E65F00C8B50D /* darkRestart.png in Resources */ = {isa = PBXBuildFile; fileRef = B8FBD6A123F5E65E00C8B50D /* darkRestart.png */; };
		B8FBD6A423F5E65F00C8B50D /* darkRestart1.png in Resources */ = {isa = PBXBuildFile; fileRef = B8FBD6A223F5E65F00C8B50D /* darkRestart1.png */; };
		B8FBD6A723F5EC4700C8B50D /* UIStats.swift in Sources */ = {isa = PBXBuildFile; fileRef = B8FBD6A623F5EC4700C8B50D /* UIStats.swift */; };
		B8FBD6A923F5EC5600C8B50D /* UINoAds.swift in Sources */ = {isa = PBXBuildFile; fileRef = B8FBD6A823F5EC5600C8B50D /* UINoAds.swift */; };
		B8FBD6AB23F5EEAA00C8B50D /* stats.png in Resources */ = {isa = PBXBuildFile; fileRef = B8FBD6AA23F5EEA900C8B50D /* stats.png */; };
		B8FBD6AD23F5F1F200C8B50D /* noAds.png in Resources */ = {isa = PBXBuildFile; fileRef = B8FBD6AC23F5F1F200C8B50D /* noAds.png */; };
/* End PBXBuildFile section */

/* Begin PBXFileReference section */
		B833544823EC8F0B00835672 /* podDatCat.app */ = {isa = PBXFileReference; explicitFileType = wrapper.application; includeInIndex = 0; path = podDatCat.app; sourceTree = BUILT_PRODUCTS_DIR; };
		B833544B23EC8F0B00835672 /* AppDelegate.swift */ = {isa = PBXFileReference; lastKnownFileType = sourcecode.swift; path = AppDelegate.swift; sourceTree = "<group>"; };
		B833544D23EC8F0B00835672 /* SceneDelegate.swift */ = {isa = PBXFileReference; lastKnownFileType = sourcecode.swift; path = SceneDelegate.swift; sourceTree = "<group>"; };
		B833545223EC8F0B00835672 /* Base */ = {isa = PBXFileReference; lastKnownFileType = file.storyboard; name = Base; path = Base.lproj/Main.storyboard; sourceTree = "<group>"; };
		B833545523EC8F0B00835672 /* bagDatCat.xcdatamodel */ = {isa = PBXFileReference; lastKnownFileType = wrapper.xcdatamodel; path = bagDatCat.xcdatamodel; sourceTree = "<group>"; };
		B833545723EC8F1400835672 /* Assets.xcassets */ = {isa = PBXFileReference; lastKnownFileType = folder.assetcatalog; path = Assets.xcassets; sourceTree = "<group>"; };
		B833545A23EC8F1400835672 /* Base */ = {isa = PBXFileReference; lastKnownFileType = file.storyboard; name = Base; path = Base.lproj/LaunchScreen.storyboard; sourceTree = "<group>"; };
		B833545C23EC8F1400835672 /* Info.plist */ = {isa = PBXFileReference; lastKnownFileType = text.plist.xml; path = Info.plist; sourceTree = "<group>"; };
		B88F996823F06801003ED805 /* ViewController.swift */ = {isa = PBXFileReference; fileEncoding = 4; lastKnownFileType = sourcecode.swift; path = ViewController.swift; sourceTree = "<group>"; };
		B88F996C23F09BB4003ED805 /* UISettingsButton.swift */ = {isa = PBXFileReference; lastKnownFileType = sourcecode.swift; path = UISettingsButton.swift; sourceTree = "<group>"; };
		B88F997223F1CD9F003ED805 /* UIViruses.swift */ = {isa = PBXFileReference; fileEncoding = 4; lastKnownFileType = sourcecode.swift; path = UIViruses.swift; sourceTree = "<group>"; };
		B88F997423F25CA1003ED805 /* UICSwitch.swift */ = {isa = PBXFileReference; lastKnownFileType = sourcecode.swift; path = UICSwitch.swift; sourceTree = "<group>"; };
		B88F997823F37FE2003ED805 /* UIVirus.swift */ = {isa = PBXFileReference; fileEncoding = 4; lastKnownFileType = sourcecode.swift; path = UIVirus.swift; sourceTree = "<group>"; };
		B88F998423F3950F003ED805 /* virus.png */ = {isa = PBXFileReference; lastKnownFileType = image.png; name = virus.png; path = suitDatCat/virus.png; sourceTree = SOURCE_ROOT; };
		B88F999623F39B49003ED805 /* UICatButton.swift */ = {isa = PBXFileReference; lastKnownFileType = sourcecode.swift; path = UICatButton.swift; sourceTree = "<group>"; };
		B8AE017023ECB180007A6142 /* UICenterKit.swift */ = {isa = PBXFileReference; fileEncoding = 4; lastKnownFileType = sourcecode.swift; path = UICenterKit.swift; sourceTree = "<group>"; };
		B8AE017223ECB25C007A6142 /* UICLabel.swift */ = {isa = PBXFileReference; lastKnownFileType = sourcecode.swift; path = UICLabel.swift; sourceTree = "<group>"; };
		B8AE017423ECB758007A6142 /* UICView.swift */ = {isa = PBXFileReference; lastKnownFileType = sourcecode.swift; path = UICView.swift; sourceTree = "<group>"; };
		B8AE017A23ECCE3B007A6142 /* UIBoardGameView.swift */ = {isa = PBXFileReference; lastKnownFileType = sourcecode.swift; path = UIBoardGameView.swift; sourceTree = "<group>"; };
		B8AE017C23ECD077007A6142 /* UIColorOptionsView.swift */ = {isa = PBXFileReference; lastKnownFileType = sourcecode.swift; path = UIColorOptionsView.swift; sourceTree = "<group>"; };
		B8AE017E23ECD3B2007A6142 /* UICButton.swift */ = {isa = PBXFileReference; lastKnownFileType = sourcecode.swift; path = UICButton.swift; sourceTree = "<group>"; };
		B8FBD67423F50DB900C8B50D /* darkSmilingCat.png */ = {isa = PBXFileReference; lastKnownFileType = image.png; name = darkSmilingCat.png; path = ../../../Desktop/darkSmilingCat.png; sourceTree = "<group>"; };
		B8FBD67523F50DB900C8B50D /* darkDeadCat.png */ = {isa = PBXFileReference; lastKnownFileType = image.png; name = darkDeadCat.png; path = ../../../Desktop/darkDeadCat.png; sourceTree = "<group>"; };
		B8FBD67623F50DB900C8B50D /* darkWavingCat.png */ = {isa = PBXFileReference; lastKnownFileType = image.png; name = darkWavingCat.png; path = ../../../Desktop/darkWavingCat.png; sourceTree = "<group>"; };
		B8FBD67723F50DB900C8B50D /* lightWavingCat.png */ = {isa = PBXFileReference; lastKnownFileType = image.png; name = lightWavingCat.png; path = ../../../Desktop/lightWavingCat.png; sourceTree = "<group>"; };
		B8FBD67823F50DB900C8B50D /* lightDeadCat.png */ = {isa = PBXFileReference; lastKnownFileType = image.png; name = lightDeadCat.png; path = ../../../Desktop/lightDeadCat.png; sourceTree = "<group>"; };
		B8FBD67923F50DB900C8B50D /* lightSmilingCat.png */ = {isa = PBXFileReference; lastKnownFileType = image.png; name = lightSmilingCat.png; path = ../../../Desktop/lightSmilingCat.png; sourceTree = "<group>"; };
		B8FBD68023F58F2500C8B50D /* darkGear.png */ = {isa = PBXFileReference; lastKnownFileType = image.png; path = darkGear.png; sourceTree = "<group>"; };
		B8FBD68323F59D2C00C8B50D /* lightGear.png */ = {isa = PBXFileReference; lastKnownFileType = image.png; path = lightGear.png; sourceTree = "<group>"; };
		B8FBD68723F5BBC200C8B50D /* fishCoin.png */ = {isa = PBXFileReference; lastKnownFileType = image.png; path = fishCoin.png; sourceTree = "<group>"; };
		B8FBD68E23F5D5BE00C8B50D /* UIFishCoin.swift */ = {isa = PBXFileReference; fileEncoding = 4; lastKnownFileType = sourcecode.swift; path = UIFishCoin.swift; sourceTree = "<group>"; };
		B8FBD69023F5D5C600C8B50D /* UIMoreCats.swift */ = {isa = PBXFileReference; fileEncoding = 4; lastKnownFileType = sourcecode.swift; path = UIMoreCats.swift; sourceTree = "<group>"; };
		B8FBD69223F5D6C200C8B50D /* moreCats.png */ = {isa = PBXFileReference; lastKnownFileType = image.png; path = moreCats.png; sourceTree = "<group>"; };
		B8FBD69523F5DC0C00C8B50D /* UIMultiplayer.swift */ = {isa = PBXFileReference; lastKnownFileType = sourcecode.swift; path = UIMultiplayer.swift; sourceTree = "<group>"; };
		B8FBD69723F5DC8000C8B50D /* multiplayer.png */ = {isa = PBXFileReference; lastKnownFileType = image.png; path = multiplayer.png; sourceTree = "<group>"; };
		B8FBD69923F5E1EA00C8B50D /* UIRestart.swift */ = {isa = PBXFileReference; lastKnownFileType = sourcecode.swift; path = UIRestart.swift; sourceTree = "<group>"; };
		B8FBD69B23F5E21800C8B50D /* UIRestart1.swift */ = {isa = PBXFileReference; lastKnownFileType = sourcecode.swift; path = UIRestart1.swift; sourceTree = "<group>"; };
		B8FBD6A123F5E65E00C8B50D /* darkRestart.png */ = {isa = PBXFileReference; lastKnownFileType = image.png; path = darkRestart.png; sourceTree = "<group>"; };
		B8FBD6A223F5E65F00C8B50D /* darkRestart1.png */ = {isa = PBXFileReference; lastKnownFileType = image.png; path = darkRestart1.png; sourceTree = "<group>"; };
		B8FBD6A623F5EC4700C8B50D /* UIStats.swift */ = {isa = PBXFileReference; lastKnownFileType = sourcecode.swift; path = UIStats.swift; sourceTree = "<group>"; };
		B8FBD6A823F5EC5600C8B50D /* UINoAds.swift */ = {isa = PBXFileReference; lastKnownFileType = sourcecode.swift; path = UINoAds.swift; sourceTree = "<group>"; };
		B8FBD6AA23F5EEA900C8B50D /* stats.png */ = {isa = PBXFileReference; lastKnownFileType = image.png; path = stats.png; sourceTree = "<group>"; };
		B8FBD6AC23F5F1F200C8B50D /* noAds.png */ = {isa = PBXFileReference; lastKnownFileType = image.png; path = noAds.png; sourceTree = "<group>"; };
/* End PBXFileReference section */

/* Begin PBXFrameworksBuildPhase section */
		B833544523EC8F0B00835672 /* Frameworks */ = {
			isa = PBXFrameworksBuildPhase;
			buildActionMask = 2147483647;
			files = (
			);
			runOnlyForDeploymentPostprocessing = 0;
		};
/* End PBXFrameworksBuildPhase section */

/* Begin PBXGroup section */
		B833543F23EC8F0B00835672 = {
			isa = PBXGroup;
			children = (
				B833544A23EC8F0B00835672 /* suitDatCat */,
				B833544923EC8F0B00835672 /* Products */,
			);
			sourceTree = "<group>";
		};
		B833544923EC8F0B00835672 /* Products */ = {
			isa = PBXGroup;
			children = (
				B833544823EC8F0B00835672 /* podDatCat.app */,
			);
			name = Products;
			sourceTree = "<group>";
		};
		B833544A23EC8F0B00835672 /* suitDatCat */ = {
			isa = PBXGroup;
			children = (
				B8FBD6AC23F5F1F200C8B50D /* noAds.png */,
				B8FBD6AA23F5EEA900C8B50D /* stats.png */,
				B88F996823F06801003ED805 /* ViewController.swift */,
				B88F998F23F39934003ED805 /* Custom Components */,
				B88F998E23F398F2003ED805 /* Custom UIKit Components */,
				B88F998B23F39838003ED805 /* Supporting Files */,
				B88F999223F39975003ED805 /* Images */,
			);
			path = suitDatCat;
			sourceTree = "<group>";
		};
		B88F998B23F39838003ED805 /* Supporting Files */ = {
			isa = PBXGroup;
			children = (
				B833544D23EC8F0B00835672 /* SceneDelegate.swift */,
				B833544B23EC8F0B00835672 /* AppDelegate.swift */,
				B833545923EC8F1400835672 /* LaunchScreen.storyboard */,
				B833545123EC8F0B00835672 /* Main.storyboard */,
				B833545723EC8F1400835672 /* Assets.xcassets */,
				B833545423EC8F0B00835672 /* podDatCat.xcdatamodeld */,
				B833545C23EC8F1400835672 /* Info.plist */,
			);
			name = "Supporting Files";
			sourceTree = "<group>";
		};
		B88F998E23F398F2003ED805 /* Custom UIKit Components */ = {
			isa = PBXGroup;
			children = (
				B8AE017E23ECD3B2007A6142 /* UICButton.swift */,
				B8AE017423ECB758007A6142 /* UICView.swift */,
				B88F997423F25CA1003ED805 /* UICSwitch.swift */,
				B8AE017223ECB25C007A6142 /* UICLabel.swift */,
			);
			name = "Custom UIKit Components";
			sourceTree = "<group>";
		};
		B88F998F23F39934003ED805 /* Custom Components */ = {
			isa = PBXGroup;
			children = (
				B8FBD68B23F5D41100C8B50D /* Settings Menu Bar */,
				B88F999023F3994D003ED805 /* Virus */,
				B8AE017023ECB180007A6142 /* UICenterKit.swift */,
				B8AE017A23ECCE3B007A6142 /* UIBoardGameView.swift */,
				B8AE017C23ECD077007A6142 /* UIColorOptionsView.swift */,
				B88F999623F39B49003ED805 /* UICatButton.swift */,
			);
			name = "Custom Components";
			sourceTree = "<group>";
		};
		B88F999023F3994D003ED805 /* Virus */ = {
			isa = PBXGroup;
			children = (
				B88F997823F37FE2003ED805 /* UIVirus.swift */,
				B88F997223F1CD9F003ED805 /* UIViruses.swift */,
			);
			name = Virus;
			sourceTree = "<group>";
		};
		B88F999223F39975003ED805 /* Images */ = {
			isa = PBXGroup;
			children = (
				B8FBD69423F5D6C900C8B50D /* Settings Menu Bar */,
				B8FBD68223F59C7100C8B50D /* Gear */,
				B88F999523F399D7003ED805 /* Virus */,
				B88F999423F399CF003ED805 /* Cat */,
			);
			name = Images;
			sourceTree = "<group>";
		};
		B88F999323F399A1003ED805 /* Standard */ = {
			isa = PBXGroup;
			children = (
				B8FBD67523F50DB900C8B50D /* darkDeadCat.png */,
				B8FBD67423F50DB900C8B50D /* darkSmilingCat.png */,
				B8FBD67623F50DB900C8B50D /* darkWavingCat.png */,
				B8FBD67823F50DB900C8B50D /* lightDeadCat.png */,
				B8FBD67723F50DB900C8B50D /* lightWavingCat.png */,
				B8FBD67923F50DB900C8B50D /* lightSmilingCat.png */,
			);
			name = Standard;
			sourceTree = "<group>";
		};
		B88F999423F399CF003ED805 /* Cat */ = {
			isa = PBXGroup;
			children = (
				B88F999A23F4B154003ED805 /* Fat */,
				B88F999B23F4B15E003ED805 /* Ninja */,
				B88F999C23F4B164003ED805 /* Cool */,
				B88F999D23F4B16A003ED805 /* Chicken */,
				B88F99A123F4B1AC003ED805 /* Super */,
				B88F999E23F4B171003ED805 /* Egyptian */,
				B88F999F23F4B179003ED805 /* Tuxedo */,
				B88F99A023F4B182003ED805 /* Taco */,
				B88F999323F399A1003ED805 /* Standard */,
			);
			name = Cat;
			sourceTree = "<group>";
		};
		B88F999523F399D7003ED805 /* Virus */ = {
			isa = PBXGroup;
			children = (
				B88F998423F3950F003ED805 /* virus.png */,
			);
			name = Virus;
			sourceTree = "<group>";
		};
		B88F999A23F4B154003ED805 /* Fat */ = {
			isa = PBXGroup;
			children = (
			);
			name = Fat;
			sourceTree = "<group>";
		};
		B88F999B23F4B15E003ED805 /* Ninja */ = {
			isa = PBXGroup;
			children = (
			);
			name = Ninja;
			sourceTree = "<group>";
		};
		B88F999C23F4B164003ED805 /* Cool */ = {
			isa = PBXGroup;
			children = (
			);
			name = Cool;
			sourceTree = "<group>";
		};
		B88F999D23F4B16A003ED805 /* Chicken */ = {
			isa = PBXGroup;
			children = (
			);
			name = Chicken;
			sourceTree = "<group>";
		};
		B88F999E23F4B171003ED805 /* Egyptian */ = {
			isa = PBXGroup;
			children = (
			);
			name = Egyptian;
			sourceTree = "<group>";
		};
		B88F999F23F4B179003ED805 /* Tuxedo */ = {
			isa = PBXGroup;
			children = (
			);
			name = Tuxedo;
			sourceTree = "<group>";
		};
		B88F99A023F4B182003ED805 /* Taco */ = {
			isa = PBXGroup;
			children = (
			);
			name = Taco;
			sourceTree = "<group>";
		};
		B88F99A123F4B1AC003ED805 /* Super */ = {
			isa = PBXGroup;
			children = (
			);
			name = Super;
			sourceTree = "<group>";
		};
		B8FBD68223F59C7100C8B50D /* Gear */ = {
			isa = PBXGroup;
			children = (
				B8FBD68323F59D2C00C8B50D /* lightGear.png */,
				B8FBD68023F58F2500C8B50D /* darkGear.png */,
			);
			name = Gear;
			sourceTree = "<group>";
		};
		B8FBD68B23F5D41100C8B50D /* Settings Menu Bar */ = {
			isa = PBXGroup;
			children = (
				B88F996C23F09BB4003ED805 /* UISettingsButton.swift */,
				B8FBD69023F5D5C600C8B50D /* UIMoreCats.swift */,
				B8FBD68E23F5D5BE00C8B50D /* UIFishCoin.swift */,
				B8FBD69523F5DC0C00C8B50D /* UIMultiplayer.swift */,
				B8FBD69923F5E1EA00C8B50D /* UIRestart.swift */,
				B8FBD69B23F5E21800C8B50D /* UIRestart1.swift */,
				B8FBD6A623F5EC4700C8B50D /* UIStats.swift */,
				B8FBD6A823F5EC5600C8B50D /* UINoAds.swift */,
			);
			name = "Settings Menu Bar";
			sourceTree = "<group>";
		};
		B8FBD69423F5D6C900C8B50D /* Settings Menu Bar */ = {
			isa = PBXGroup;
			children = (
				B8FBD6A523F5E67C00C8B50D /* restart1 */,
				B8FBD6A223F5E65F00C8B50D /* darkRestart1.png */,
				B8FBD6A123F5E65E00C8B50D /* darkRestart.png */,
				B8FBD69723F5DC8000C8B50D /* multiplayer.png */,
				B8FBD69223F5D6C200C8B50D /* moreCats.png */,
				B8FBD68723F5BBC200C8B50D /* fishCoin.png */,
			);
			name = "Settings Menu Bar";
			sourceTree = "<group>";
		};
		B8FBD6A523F5E67C00C8B50D /* restart1 */ = {
			isa = PBXGroup;
			children = (
			);
			name = restart1;
			sourceTree = "<group>";
		};
/* End PBXGroup section */

/* Begin PBXNativeTarget section */
		B833544723EC8F0B00835672 /* podDatCat */ = {
			isa = PBXNativeTarget;
			buildConfigurationList = B833545F23EC8F1400835672 /* Build configuration list for PBXNativeTarget "podDatCat" */;
			buildPhases = (
				B833544423EC8F0B00835672 /* Sources */,
				B833544523EC8F0B00835672 /* Frameworks */,
				B833544623EC8F0B00835672 /* Resources */,
			);
			buildRules = (
			);
			dependencies = (
			);
			name = podDatCat;
			productName = bagDatCat;
			productReference = B833544823EC8F0B00835672 /* podDatCat.app */;
			productType = "com.apple.product-type.application";
		};
/* End PBXNativeTarget section */

/* Begin PBXProject section */
		B833544023EC8F0B00835672 /* Project object */ = {
			isa = PBXProject;
			attributes = {
				LastSwiftUpdateCheck = 1130;
				LastUpgradeCheck = 1130;
				ORGANIZATIONNAME = "Christopher Francisco";
				TargetAttributes = {
					B833544723EC8F0B00835672 = {
						CreatedOnToolsVersion = 11.3.1;
					};
				};
			};
			buildConfigurationList = B833544323EC8F0B00835672 /* Build configuration list for PBXProject "podDatCat" */;
			compatibilityVersion = "Xcode 9.3";
			developmentRegion = en;
			hasScannedForEncodings = 0;
			knownRegions = (
				en,
				Base,
			);
			mainGroup = B833543F23EC8F0B00835672;
			productRefGroup = B833544923EC8F0B00835672 /* Products */;
			projectDirPath = "";
			projectRoot = "";
			targets = (
				B833544723EC8F0B00835672 /* podDatCat */,
			);
		};
/* End PBXProject section */

/* Begin PBXResourcesBuildPhase section */
		B833544623EC8F0B00835672 /* Resources */ = {
			isa = PBXResourcesBuildPhase;
			buildActionMask = 2147483647;
			files = (
				B8FBD6AD23F5F1F200C8B50D /* noAds.png in Resources */,
				B833545B23EC8F1400835672 /* LaunchScreen.storyboard in Resources */,
				B8FBD6AB23F5EEAA00C8B50D /* stats.png in Resources */,
				B8FBD67F23F50DB900C8B50D /* lightSmilingCat.png in Resources */,
				B88F998523F3950F003ED805 /* virus.png in Resources */,
				B8FBD6A323F5E65F00C8B50D /* darkRestart.png in Resources */,
				B8FBD68423F59D2D00C8B50D /* lightGear.png in Resources */,
				B8FBD67C23F50DB900C8B50D /* darkWavingCat.png in Resources */,
				B8FBD68823F5BBC200C8B50D /* fishCoin.png in Resources */,
				B8FBD67B23F50DB900C8B50D /* darkDeadCat.png in Resources */,
				B8FBD67A23F50DB900C8B50D /* darkSmilingCat.png in Resources */,
				B8FBD69823F5DC8000C8B50D /* multiplayer.png in Resources */,
				B8FBD68123F58F2500C8B50D /* darkGear.png in Resources */,
				B8FBD67D23F50DB900C8B50D /* lightWavingCat.png in Resources */,
				B833545823EC8F1400835672 /* Assets.xcassets in Resources */,
				B833545323EC8F0B00835672 /* Main.storyboard in Resources */,
				B8FBD67E23F50DB900C8B50D /* lightDeadCat.png in Resources */,
				B8FBD69323F5D6C200C8B50D /* moreCats.png in Resources */,
				B8FBD6A423F5E65F00C8B50D /* darkRestart1.png in Resources */,
			);
			runOnlyForDeploymentPostprocessing = 0;
		};
/* End PBXResourcesBuildPhase section */

/* Begin PBXSourcesBuildPhase section */
		B833544423EC8F0B00835672 /* Sources */ = {
			isa = PBXSourcesBuildPhase;
			buildActionMask = 2147483647;
			files = (
				B8AE017323ECB25C007A6142 /* UICLabel.swift in Sources */,
				B833545623EC8F0B00835672 /* podDatCat.xcdatamodeld in Sources */,
				B8FBD69A23F5E1EA00C8B50D /* UIRestart.swift in Sources */,
				B833544C23EC8F0B00835672 /* AppDelegate.swift in Sources */,
				B88F997523F25CA1003ED805 /* UICSwitch.swift in Sources */,
				B8FBD6A723F5EC4700C8B50D /* UIStats.swift in Sources */,
				B8FBD69623F5DC0C00C8B50D /* UIMultiplayer.swift in Sources */,
				B8AE017B23ECCE3B007A6142 /* UIBoardGameView.swift in Sources */,
				B88F996923F06801003ED805 /* ViewController.swift in Sources */,
				B8FBD69123F5D5C600C8B50D /* UIMoreCats.swift in Sources */,
				B8AE017D23ECD078007A6142 /* UIColorOptionsView.swift in Sources */,
				B8AE017F23ECD3B2007A6142 /* UICButton.swift in Sources */,
				B8FBD69C23F5E21800C8B50D /* UIRestart1.swift in Sources */,
				B8FBD6A923F5EC5600C8B50D /* UINoAds.swift in Sources */,
				B88F996D23F09BB4003ED805 /* UISettingsButton.swift in Sources */,
				B8AE017523ECB758007A6142 /* UICView.swift in Sources */,
				B8AE017123ECB180007A6142 /* UICenterKit.swift in Sources */,
				B88F999723F39B49003ED805 /* UICatButton.swift in Sources */,
				B8FBD68F23F5D5BE00C8B50D /* UIFishCoin.swift in Sources */,
				B833544E23EC8F0B00835672 /* SceneDelegate.swift in Sources */,
				B88F997323F1CDA0003ED805 /* UIViruses.swift in Sources */,
				B88F997923F37FE2003ED805 /* UIVirus.swift in Sources */,
			);
			runOnlyForDeploymentPostprocessing = 0;
		};
/* End PBXSourcesBuildPhase section */

/* Begin PBXVariantGroup section */
		B833545123EC8F0B00835672 /* Main.storyboard */ = {
			isa = PBXVariantGroup;
			children = (
				B833545223EC8F0B00835672 /* Base */,
			);
			name = Main.storyboard;
			sourceTree = "<group>";
		};
		B833545923EC8F1400835672 /* LaunchScreen.storyboard */ = {
			isa = PBXVariantGroup;
			children = (
				B833545A23EC8F1400835672 /* Base */,
			);
			name = LaunchScreen.storyboard;
			sourceTree = "<group>";
		};
/* End PBXVariantGroup section */

/* Begin XCBuildConfiguration section */
		B833545D23EC8F1400835672 /* Debug */ = {
			isa = XCBuildConfiguration;
			buildSettings = {
				ALWAYS_SEARCH_USER_PATHS = NO;
				CLANG_ANALYZER_NONNULL = YES;
				CLANG_ANALYZER_NUMBER_OBJECT_CONVERSION = YES_AGGRESSIVE;
				CLANG_CXX_LANGUAGE_STANDARD = "gnu++14";
				CLANG_CXX_LIBRARY = "libc++";
				CLANG_ENABLE_MODULES = YES;
				CLANG_ENABLE_OBJC_ARC = YES;
				CLANG_ENABLE_OBJC_WEAK = YES;
				CLANG_WARN_BLOCK_CAPTURE_AUTORELEASING = YES;
				CLANG_WARN_BOOL_CONVERSION = YES;
				CLANG_WARN_COMMA = YES;
				CLANG_WARN_CONSTANT_CONVERSION = YES;
				CLANG_WARN_DEPRECATED_OBJC_IMPLEMENTATIONS = YES;
				CLANG_WARN_DIRECT_OBJC_ISA_USAGE = YES_ERROR;
				CLANG_WARN_DOCUMENTATION_COMMENTS = YES;
				CLANG_WARN_EMPTY_BODY = YES;
				CLANG_WARN_ENUM_CONVERSION = YES;
				CLANG_WARN_INFINITE_RECURSION = YES;
				CLANG_WARN_INT_CONVERSION = YES;
				CLANG_WARN_NON_LITERAL_NULL_CONVERSION = YES;
				CLANG_WARN_OBJC_IMPLICIT_RETAIN_SELF = YES;
				CLANG_WARN_OBJC_LITERAL_CONVERSION = YES;
				CLANG_WARN_OBJC_ROOT_CLASS = YES_ERROR;
				CLANG_WARN_RANGE_LOOP_ANALYSIS = YES;
				CLANG_WARN_STRICT_PROTOTYPES = YES;
				CLANG_WARN_SUSPICIOUS_MOVE = YES;
				CLANG_WARN_UNGUARDED_AVAILABILITY = YES_AGGRESSIVE;
				CLANG_WARN_UNREACHABLE_CODE = YES;
				CLANG_WARN__DUPLICATE_METHOD_MATCH = YES;
				COPY_PHASE_STRIP = NO;
				DEBUG_INFORMATION_FORMAT = dwarf;
				ENABLE_STRICT_OBJC_MSGSEND = YES;
				ENABLE_TESTABILITY = YES;
				GCC_C_LANGUAGE_STANDARD = gnu11;
				GCC_DYNAMIC_NO_PIC = NO;
				GCC_NO_COMMON_BLOCKS = YES;
				GCC_OPTIMIZATION_LEVEL = 0;
				GCC_PREPROCESSOR_DEFINITIONS = (
					"DEBUG=1",
					"$(inherited)",
				);
				GCC_WARN_64_TO_32_BIT_CONVERSION = YES;
				GCC_WARN_ABOUT_RETURN_TYPE = YES_ERROR;
				GCC_WARN_UNDECLARED_SELECTOR = YES;
				GCC_WARN_UNINITIALIZED_AUTOS = YES_AGGRESSIVE;
				GCC_WARN_UNUSED_FUNCTION = YES;
				GCC_WARN_UNUSED_VARIABLE = YES;
				IPHONEOS_DEPLOYMENT_TARGET = 13.2;
				MTL_ENABLE_DEBUG_INFO = INCLUDE_SOURCE;
				MTL_FAST_MATH = YES;
				ONLY_ACTIVE_ARCH = YES;
				SDKROOT = iphoneos;
				SWIFT_ACTIVE_COMPILATION_CONDITIONS = DEBUG;
				SWIFT_OPTIMIZATION_LEVEL = "-Onone";
			};
			name = Debug;
		};
		B833545E23EC8F1400835672 /* Release */ = {
			isa = XCBuildConfiguration;
			buildSettings = {
				ALWAYS_SEARCH_USER_PATHS = NO;
				CLANG_ANALYZER_NONNULL = YES;
				CLANG_ANALYZER_NUMBER_OBJECT_CONVERSION = YES_AGGRESSIVE;
				CLANG_CXX_LANGUAGE_STANDARD = "gnu++14";
				CLANG_CXX_LIBRARY = "libc++";
				CLANG_ENABLE_MODULES = YES;
				CLANG_ENABLE_OBJC_ARC = YES;
				CLANG_ENABLE_OBJC_WEAK = YES;
				CLANG_WARN_BLOCK_CAPTURE_AUTORELEASING = YES;
				CLANG_WARN_BOOL_CONVERSION = YES;
				CLANG_WARN_COMMA = YES;
				CLANG_WARN_CONSTANT_CONVERSION = YES;
				CLANG_WARN_DEPRECATED_OBJC_IMPLEMENTATIONS = YES;
				CLANG_WARN_DIRECT_OBJC_ISA_USAGE = YES_ERROR;
				CLANG_WARN_DOCUMENTATION_COMMENTS = YES;
				CLANG_WARN_EMPTY_BODY = YES;
				CLANG_WARN_ENUM_CONVERSION = YES;
				CLANG_WARN_INFINITE_RECURSION = YES;
				CLANG_WARN_INT_CONVERSION = YES;
				CLANG_WARN_NON_LITERAL_NULL_CONVERSION = YES;
				CLANG_WARN_OBJC_IMPLICIT_RETAIN_SELF = YES;
				CLANG_WARN_OBJC_LITERAL_CONVERSION = YES;
				CLANG_WARN_OBJC_ROOT_CLASS = YES_ERROR;
				CLANG_WARN_RANGE_LOOP_ANALYSIS = YES;
				CLANG_WARN_STRICT_PROTOTYPES = YES;
				CLANG_WARN_SUSPICIOUS_MOVE = YES;
				CLANG_WARN_UNGUARDED_AVAILABILITY = YES_AGGRESSIVE;
				CLANG_WARN_UNREACHABLE_CODE = YES;
				CLANG_WARN__DUPLICATE_METHOD_MATCH = YES;
				COPY_PHASE_STRIP = NO;
				DEBUG_INFORMATION_FORMAT = "dwarf-with-dsym";
				ENABLE_NS_ASSERTIONS = NO;
				ENABLE_STRICT_OBJC_MSGSEND = YES;
				GCC_C_LANGUAGE_STANDARD = gnu11;
				GCC_NO_COMMON_BLOCKS = YES;
				GCC_WARN_64_TO_32_BIT_CONVERSION = YES;
				GCC_WARN_ABOUT_RETURN_TYPE = YES_ERROR;
				GCC_WARN_UNDECLARED_SELECTOR = YES;
				GCC_WARN_UNINITIALIZED_AUTOS = YES_AGGRESSIVE;
				GCC_WARN_UNUSED_FUNCTION = YES;
				GCC_WARN_UNUSED_VARIABLE = YES;
				IPHONEOS_DEPLOYMENT_TARGET = 13.2;
				MTL_ENABLE_DEBUG_INFO = NO;
				MTL_FAST_MATH = YES;
				SDKROOT = iphoneos;
				SWIFT_COMPILATION_MODE = wholemodule;
				SWIFT_OPTIMIZATION_LEVEL = "-O";
				VALIDATE_PRODUCT = YES;
			};
			name = Release;
		};
		B833546023EC8F1400835672 /* Debug */ = {
			isa = XCBuildConfiguration;
			buildSettings = {
				ASSETCATALOG_COMPILER_APPICON_NAME = AppIcon;
				CODE_SIGN_STYLE = Automatic;
				DEVELOPMENT_TEAM = UM29RU6L4B;
				INFOPLIST_FILE = "$(SRCROOT)/suitDatCat/Info.plist";
				LD_RUNPATH_SEARCH_PATHS = (
					"$(inherited)",
					"@executable_path/Frameworks",
				);
				PRODUCT_BUNDLE_IDENTIFIER = "ChristopherFrancisco.-suitDatCat";
				PRODUCT_NAME = podDatCat;
				SWIFT_VERSION = 5.0;
				TARGETED_DEVICE_FAMILY = "1,2";
			};
			name = Debug;
		};
		B833546123EC8F1400835672 /* Release */ = {
			isa = XCBuildConfiguration;
			buildSettings = {
				ASSETCATALOG_COMPILER_APPICON_NAME = AppIcon;
				CODE_SIGN_STYLE = Automatic;
				DEVELOPMENT_TEAM = UM29RU6L4B;
				INFOPLIST_FILE = "$(SRCROOT)/suitDatCat/Info.plist";
				LD_RUNPATH_SEARCH_PATHS = (
					"$(inherited)",
					"@executable_path/Frameworks",
				);
				PRODUCT_BUNDLE_IDENTIFIER = "ChristopherFrancisco.-suitDatCat";
				PRODUCT_NAME = podDatCat;
				SWIFT_VERSION = 5.0;
				TARGETED_DEVICE_FAMILY = "1,2";
			};
			name = Release;
		};
/* End XCBuildConfiguration section */

/* Begin XCConfigurationList section */
		B833544323EC8F0B00835672 /* Build configuration list for PBXProject "podDatCat" */ = {
			isa = XCConfigurationList;
			buildConfigurations = (
				B833545D23EC8F1400835672 /* Debug */,
				B833545E23EC8F1400835672 /* Release */,
			);
			defaultConfigurationIsVisible = 0;
			defaultConfigurationName = Release;
		};
		B833545F23EC8F1400835672 /* Build configuration list for PBXNativeTarget "podDatCat" */ = {
			isa = XCConfigurationList;
			buildConfigurations = (
				B833546023EC8F1400835672 /* Debug */,
				B833546123EC8F1400835672 /* Release */,
			);
			defaultConfigurationIsVisible = 0;
			defaultConfigurationName = Release;
		};
/* End XCConfigurationList section */

/* Begin XCVersionGroup section */
		B833545423EC8F0B00835672 /* podDatCat.xcdatamodeld */ = {
			isa = XCVersionGroup;
			children = (
				B833545523EC8F0B00835672 /* bagDatCat.xcdatamodel */,
			);
			currentVersion = B833545523EC8F0B00835672 /* bagDatCat.xcdatamodel */;
			path = podDatCat.xcdatamodeld;
			sourceTree = "<group>";
			versionGroupType = wrapper.xcdatamodel;
		};
/* End XCVersionGroup section */
	};
	rootObject = B833544023EC8F0B00835672 /* Project object */;
}
